
Microsoft Visual Studio Solution File, Format Version 12.00
# Visual Studio 2013
VisualStudioVersion = 12.0.21005.1
MinimumVisualStudioVersion = 10.0.40219.1
Project("{FAE04EC0-301F-11D3-BF4B-00C04F79EFBC}") = "FaceRecognition", "人脸1\FaceRecognition.csproj", "{31288FBF-A2C3-4FC6-BC86-75987D861BB7}"
EndProject
Project("{FAE04EC0-301F-11D3-BF4B-00C04F79EFBC}") = "faceView", "..\csharpfacecore-master\faceView\faceView.csproj", "{BCEA3C32-DD73-4DEE-ABD3-86CC1DF8A2FB}"
EndProject
Global
	GlobalSection(SolutionConfigurationPlatforms) = preSolution
		Debug|Any CPU = Debug|Any CPU
		Release|Any CPU = Release|Any CPU
	EndGlobalSection
	GlobalSection(ProjectConfigurationPlatforms) = postSolution
		{31288FBF-A2C3-4FC6-BC86-75987D861BB7}.Debug|Any CPU.ActiveCfg = Debug|Any CPU
		{31288FBF-A2C3-4FC6-BC86-75987D861BB7}.Debug|Any CPU.Build.0 = Debug|Any CPU
		{31288FBF-A2C3-4FC6-BC86-75987D861BB7}.Release|Any CPU.ActiveCfg = Release|Any CPU
		{31288FBF-A2C3-4FC6-BC86-75987D861BB7}.Release|Any CPU.Build.0 = Release|Any CPU
		{BCEA3C32-DD73-4DEE-ABD3-86CC1DF8A2FB}.Debug|Any CPU.ActiveCfg = Debug|Any CPU
		{BCEA3C32-DD73-4DEE-ABD3-86CC1DF8A2FB}.Debug|Any CPU.Build.0 = Debug|Any CPU
		{BCEA3C32-DD73-4DEE-ABD3-86CC1DF8A2FB}.Release|Any CPU.ActiveCfg = Release|Any CPU
		{BCEA3C32-DD73-4DEE-ABD3-86CC1DF8A2FB}.Release|Any CPU.Build.0 = Release|Any CPU
	EndGlobalSection
	GlobalSection(SolutionProperties) = preSolution
		HideSolutionNode = FALSE
	EndGlobalSection
EndGlobal
